# This file was autogenerated by Stack.
# You should not edit this file by hand.
# For more information, please see the documentation at:
#   https://docs.haskellstack.org/en/stable/lock_files

packages: []
snapshots:
- completed:
    size: 315684
    url: https://raw.githubusercontent.com/commercialhaskell/stackage-snapshots/master/nightly/2015/9/21.yaml
    sha256: 0eafedd2920a9b1be7c1889c5541bfb00bab108fcb1d8ff6de32a7a93c63bbce
  original: nightly-2015-09-21
